
Microsoft Visual Studio Solution File, Format Version 12.00
# Visual Studio Version 17
VisualStudioVersion = 17.10.35027.167
MinimumVisualStudioVersion = 10.0.40219.1
Project("{FAE04EC0-301F-11D3-BF4B-00C04F79EFBC}") = "lista4", "lista4\lista4.csproj", "{045D2AAA-BBC3-4C7B-89F5-5C7D1989A58D}"
EndProject
Global
	GlobalSection(SolutionConfigurationPlatforms) = preSolution
		Debug|Any CPU = Debug|Any CPU
		Release|Any CPU = Release|Any CPU
	EndGlobalSection
	GlobalSection(ProjectConfigurationPlatforms) = postSolution
		{045D2AAA-BBC3-4C7B-89F5-5C7D1989A58D}.Debug|Any CPU.ActiveCfg = Debug|Any CPU
		{045D2AAA-BBC3-4C7B-89F5-5C7D1989A58D}.Debug|Any CPU.Build.0 = Debug|Any CPU
		{045D2AAA-BBC3-4C7B-89F5-5C7D1989A58D}.Release|Any CPU.ActiveCfg = Release|Any CPU
		{045D2AAA-BBC3-4C7B-89F5-5C7D1989A58D}.Release|Any CPU.Build.0 = Release|Any CPU
	EndGlobalSection
	GlobalSection(SolutionProperties) = preSolution
		HideSolutionNode = FALSE
	EndGlobalSection
	GlobalSection(ExtensibilityGlobals) = postSolution
		SolutionGuid = {A6C542F6-C624-4AE6-B69F-E84952B1664C}
	EndGlobalSection
EndGlobal
